
Microsoft Visual Studio Solution File, Format Version 12.00
# Visual Studio Version 16
VisualStudioVersion = 16.0.29306.81
MinimumVisualStudioVersion = 10.0.40219.1
Project("{FAE04EC0-301F-11D3-BF4B-00C04F79EFBC}") = "JustEatIt", "JustEatIt\JustEatIt.csproj", "{A37A2585-87BB-4D6F-93CA-B7861D908D2C}"
EndProject
Global
	GlobalSection(SolutionConfigurationPlatforms) = preSolution
		Debug|Any CPU = Debug|Any CPU
		Release|Any CPU = Release|Any CPU
	EndGlobalSection
	GlobalSection(ProjectConfigurationPlatforms) = postSolution
		{A37A2585-87BB-4D6F-93CA-B7861D908D2C}.Debug|Any CPU.ActiveCfg = Debug|Any CPU
		{A37A2585-87BB-4D6F-93CA-B7861D908D2C}.Debug|Any CPU.Build.0 = Debug|Any CPU
		{A37A2585-87BB-4D6F-93CA-B7861D908D2C}.Release|Any CPU.ActiveCfg = Release|Any CPU
		{A37A2585-87BB-4D6F-93CA-B7861D908D2C}.Release|Any CPU.Build.0 = Release|Any CPU
	EndGlobalSection
	GlobalSection(SolutionProperties) = preSolution
		HideSolutionNode = FALSE
	EndGlobalSection
	GlobalSection(ExtensibilityGlobals) = postSolution
		SolutionGuid = {90F26017-31E4-41C7-B54B-8B516F3C8D90}
	EndGlobalSection
EndGlobal
